[root]
name = "jit"
version = "0.0.4"
dependencies = [
 "libjit-sys 0.0.1",
]

[[package]]
name = "libjit-sys"
version = "0.0.1"
dependencies = [
 "pkg-config 0.0.1 (git+https://github.com/alexcrichton/pkg-config-rs)",
]

[[package]]
name = "pkg-config"
version = "0.0.1"
source = "git+https://github.com/alexcrichton/pkg-config-rs#d24a08d87d63df8dc9526c503944415b86719220"

