[root]
name = "jit"
version = "0.4.0"
dependencies = [
 "jit_macros 0.0.8 (registry+https://github.com/rust-lang/crates.io-index)",
 "libjit-sys 0.1.11 (registry+https://github.com/rust-lang/crates.io-index)",
]

[[package]]
name = "jit_macros"
version = "0.0.8"
source = "registry+https://github.com/rust-lang/crates.io-index"
dependencies = [
 "matches 0.1.2 (registry+https://github.com/rust-lang/crates.io-index)",
]

[[package]]
name = "libjit-sys"
version = "0.1.11"
source = "registry+https://github.com/rust-lang/crates.io-index"
dependencies = [
 "pkg-config 0.2.1 (registry+https://github.com/rust-lang/crates.io-index)",
]

[[package]]
name = "matches"
version = "0.1.2"
source = "registry+https://github.com/rust-lang/crates.io-index"

[[package]]
name = "pkg-config"
version = "0.2.1"
source = "registry+https://github.com/rust-lang/crates.io-index"

