[root]
name = "jit_macros"
version = "0.0.1"
dependencies = [
 "jit 0.1.8 (registry+https://github.com/rust-lang/crates.io-index)",
]

[[package]]
name = "jit"
version = "0.1.8"
source = "registry+https://github.com/rust-lang/crates.io-index"
dependencies = [
 "libjit-sys 0.1.4 (registry+https://github.com/rust-lang/crates.io-index)",
]

[[package]]
name = "libjit-sys"
version = "0.1.4"
source = "registry+https://github.com/rust-lang/crates.io-index"
dependencies = [
 "pkg-config 0.1.2 (registry+https://github.com/rust-lang/crates.io-index)",
]

[[package]]
name = "pkg-config"
version = "0.1.2"
source = "registry+https://github.com/rust-lang/crates.io-index"

